
Microsoft Visual Studio Solution File, Format Version 12.00
# Visual Studio Version 17
VisualStudioVersion = 17.14.36511.14 d17.14
MinimumVisualStudioVersion = 10.0.40219.1
Project("{FAE04EC0-301F-11D3-BF4B-00C04F79EFBC}") = "TestGrafu", "TestGrafu.csproj", "{66188A76-A0F5-4B60-92BC-EB102CCBA831}"
EndProject
Global
	GlobalSection(SolutionConfigurationPlatforms) = preSolution
		Debug|Any CPU = Debug|Any CPU
		Release|Any CPU = Release|Any CPU
	EndGlobalSection
	GlobalSection(ProjectConfigurationPlatforms) = postSolution
		{66188A76-A0F5-4B60-92BC-EB102CCBA831}.Debug|Any CPU.ActiveCfg = Debug|Any CPU
		{66188A76-A0F5-4B60-92BC-EB102CCBA831}.Debug|Any CPU.Build.0 = Debug|Any CPU
		{66188A76-A0F5-4B60-92BC-EB102CCBA831}.Release|Any CPU.ActiveCfg = Release|Any CPU
		{66188A76-A0F5-4B60-92BC-EB102CCBA831}.Release|Any CPU.Build.0 = Release|Any CPU
	EndGlobalSection
	GlobalSection(SolutionProperties) = preSolution
		HideSolutionNode = FALSE
	EndGlobalSection
	GlobalSection(ExtensibilityGlobals) = postSolution
		SolutionGuid = {5E552BEE-E711-4173-ABE6-4A090DAD1485}
	EndGlobalSection
EndGlobal
